
Microsoft Visual Studio Solution File, Format Version 12.00
# Visual Studio Version 17
VisualStudioVersion = 17.4.33213.308
MinimumVisualStudioVersion = 10.0.40219.1
Project("{9A19103F-16F7-4668-BE54-9A1E7A4F7556}") = "DBLibrary", "DBLibrary\DBLibrary.csproj", "{9AB687D5-483E-4142-A5E0-20B9352F805A}"
EndProject
Project("{9A19103F-16F7-4668-BE54-9A1E7A4F7556}") = "Model", "Model\Model.csproj", "{10748B67-7219-45CB-A160-E2213B64269B}"
EndProject
Project("{9A19103F-16F7-4668-BE54-9A1E7A4F7556}") = "Helper", "Helper\Helper.csproj", "{5E6132D8-A286-4214-A0FE-0AC7C8E005B7}"
EndProject
Project("{9A19103F-16F7-4668-BE54-9A1E7A4F7556}") = "Activity", "Activity\Activity.csproj", "{A9E6F674-DF1A-4F16-BA44-09A47A6A9354}"
EndProject
Project("{2150E333-8FDC-42A3-9474-1A3956D46DE8}") = "1.Database", "1.Database", "{41D34E74-1B32-4B87-8BE4-269EBE35964E}"
EndProject
Project("{2150E333-8FDC-42A3-9474-1A3956D46DE8}") = "2.Business", "2.Business", "{9492435D-96FB-4804-955A-09DB8BBC7B10}"
EndProject
Project("{2150E333-8FDC-42A3-9474-1A3956D46DE8}") = "3.Presentation", "3.Presentation", "{4F7D00EB-D2A3-4A87-9A99-81DD028762C2}"
EndProject
Project("{2150E333-8FDC-42A3-9474-1A3956D46DE8}") = "4.Test", "4.Test", "{844E8701-A8D6-429D-A89C-265ACB8FEC9B}"
EndProject
Project("{9A19103F-16F7-4668-BE54-9A1E7A4F7556}") = "DatabaseLayer", "DatabaseLayer\DatabaseLayer.csproj", "{827050D6-DBC2-49E2-943F-FA9D807B6750}"
EndProject
Project("{9A19103F-16F7-4668-BE54-9A1E7A4F7556}") = "BuisnessLayer", "BuisnessLayer\BuisnessLayer.csproj", "{C930F1F8-D76A-4238-8350-B26033814B1B}"
EndProject
Project("{FAE04EC0-301F-11D3-BF4B-00C04F79EFBC}") = "WebApi", "WebApi\WebApi.csproj", "{84A71E3B-ACF8-46C8-983D-8BB5BF9B3B7F}"
EndProject
Project("{FAE04EC0-301F-11D3-BF4B-00C04F79EFBC}") = "Contracts", "Contracts\Contracts.csproj", "{C9AE0E33-90A1-4069-8BF7-6C067EEC5C0C}"
EndProject
Project("{FAE04EC0-301F-11D3-BF4B-00C04F79EFBC}") = "LoggerService", "LoggerService\LoggerService.csproj", "{5009B8E4-A84B-4933-80FA-E70972871A0C}"
EndProject
Project("{FAE04EC0-301F-11D3-BF4B-00C04F79EFBC}") = "Presentation", "Presentation\Presentation.csproj", "{9BE038A0-B859-48A5-9672-B49D71BCF75B}"
EndProject
Global
	GlobalSection(SolutionConfigurationPlatforms) = preSolution
		Debug|Any CPU = Debug|Any CPU
		Release|Any CPU = Release|Any CPU
	EndGlobalSection
	GlobalSection(ProjectConfigurationPlatforms) = postSolution
		{9AB687D5-483E-4142-A5E0-20B9352F805A}.Debug|Any CPU.ActiveCfg = Debug|Any CPU
		{9AB687D5-483E-4142-A5E0-20B9352F805A}.Debug|Any CPU.Build.0 = Debug|Any CPU
		{9AB687D5-483E-4142-A5E0-20B9352F805A}.Release|Any CPU.ActiveCfg = Release|Any CPU
		{9AB687D5-483E-4142-A5E0-20B9352F805A}.Release|Any CPU.Build.0 = Release|Any CPU
		{10748B67-7219-45CB-A160-E2213B64269B}.Debug|Any CPU.ActiveCfg = Debug|Any CPU
		{10748B67-7219-45CB-A160-E2213B64269B}.Debug|Any CPU.Build.0 = Debug|Any CPU
		{10748B67-7219-45CB-A160-E2213B64269B}.Release|Any CPU.ActiveCfg = Release|Any CPU
		{10748B67-7219-45CB-A160-E2213B64269B}.Release|Any CPU.Build.0 = Release|Any CPU
		{5E6132D8-A286-4214-A0FE-0AC7C8E005B7}.Debug|Any CPU.ActiveCfg = Debug|Any CPU
		{5E6132D8-A286-4214-A0FE-0AC7C8E005B7}.Debug|Any CPU.Build.0 = Debug|Any CPU
		{5E6132D8-A286-4214-A0FE-0AC7C8E005B7}.Release|Any CPU.ActiveCfg = Release|Any CPU
		{5E6132D8-A286-4214-A0FE-0AC7C8E005B7}.Release|Any CPU.Build.0 = Release|Any CPU
		{A9E6F674-DF1A-4F16-BA44-09A47A6A9354}.Debug|Any CPU.ActiveCfg = Debug|Any CPU
		{A9E6F674-DF1A-4F16-BA44-09A47A6A9354}.Debug|Any CPU.Build.0 = Debug|Any CPU
		{A9E6F674-DF1A-4F16-BA44-09A47A6A9354}.Release|Any CPU.ActiveCfg = Release|Any CPU
		{A9E6F674-DF1A-4F16-BA44-09A47A6A9354}.Release|Any CPU.Build.0 = Release|Any CPU
		{827050D6-DBC2-49E2-943F-FA9D807B6750}.Debug|Any CPU.ActiveCfg = Debug|Any CPU
		{827050D6-DBC2-49E2-943F-FA9D807B6750}.Debug|Any CPU.Build.0 = Debug|Any CPU
		{827050D6-DBC2-49E2-943F-FA9D807B6750}.Release|Any CPU.ActiveCfg = Release|Any CPU
		{827050D6-DBC2-49E2-943F-FA9D807B6750}.Release|Any CPU.Build.0 = Release|Any CPU
		{C930F1F8-D76A-4238-8350-B26033814B1B}.Debug|Any CPU.ActiveCfg = Debug|Any CPU
		{C930F1F8-D76A-4238-8350-B26033814B1B}.Debug|Any CPU.Build.0 = Debug|Any CPU
		{C930F1F8-D76A-4238-8350-B26033814B1B}.Release|Any CPU.ActiveCfg = Release|Any CPU
		{C930F1F8-D76A-4238-8350-B26033814B1B}.Release|Any CPU.Build.0 = Release|Any CPU
		{84A71E3B-ACF8-46C8-983D-8BB5BF9B3B7F}.Debug|Any CPU.ActiveCfg = Debug|Any CPU
		{84A71E3B-ACF8-46C8-983D-8BB5BF9B3B7F}.Debug|Any CPU.Build.0 = Debug|Any CPU
		{84A71E3B-ACF8-46C8-983D-8BB5BF9B3B7F}.Release|Any CPU.ActiveCfg = Release|Any CPU
		{84A71E3B-ACF8-46C8-983D-8BB5BF9B3B7F}.Release|Any CPU.Build.0 = Release|Any CPU
		{C9AE0E33-90A1-4069-8BF7-6C067EEC5C0C}.Debug|Any CPU.ActiveCfg = Debug|Any CPU
		{C9AE0E33-90A1-4069-8BF7-6C067EEC5C0C}.Debug|Any CPU.Build.0 = Debug|Any CPU
		{C9AE0E33-90A1-4069-8BF7-6C067EEC5C0C}.Release|Any CPU.ActiveCfg = Release|Any CPU
		{C9AE0E33-90A1-4069-8BF7-6C067EEC5C0C}.Release|Any CPU.Build.0 = Release|Any CPU
		{5009B8E4-A84B-4933-80FA-E70972871A0C}.Debug|Any CPU.ActiveCfg = Debug|Any CPU
		{5009B8E4-A84B-4933-80FA-E70972871A0C}.Debug|Any CPU.Build.0 = Debug|Any CPU
		{5009B8E4-A84B-4933-80FA-E70972871A0C}.Release|Any CPU.ActiveCfg = Release|Any CPU
		{5009B8E4-A84B-4933-80FA-E70972871A0C}.Release|Any CPU.Build.0 = Release|Any CPU
		{9BE038A0-B859-48A5-9672-B49D71BCF75B}.Debug|Any CPU.ActiveCfg = Debug|Any CPU
		{9BE038A0-B859-48A5-9672-B49D71BCF75B}.Debug|Any CPU.Build.0 = Debug|Any CPU
		{9BE038A0-B859-48A5-9672-B49D71BCF75B}.Release|Any CPU.ActiveCfg = Release|Any CPU
		{9BE038A0-B859-48A5-9672-B49D71BCF75B}.Release|Any CPU.Build.0 = Release|Any CPU
	EndGlobalSection
	GlobalSection(SolutionProperties) = preSolution
		HideSolutionNode = FALSE
	EndGlobalSection
	GlobalSection(NestedProjects) = preSolution
		{9AB687D5-483E-4142-A5E0-20B9352F805A} = {41D34E74-1B32-4B87-8BE4-269EBE35964E}
		{10748B67-7219-45CB-A160-E2213B64269B} = {41D34E74-1B32-4B87-8BE4-269EBE35964E}
		{5E6132D8-A286-4214-A0FE-0AC7C8E005B7} = {41D34E74-1B32-4B87-8BE4-269EBE35964E}
		{A9E6F674-DF1A-4F16-BA44-09A47A6A9354} = {4F7D00EB-D2A3-4A87-9A99-81DD028762C2}
		{827050D6-DBC2-49E2-943F-FA9D807B6750} = {41D34E74-1B32-4B87-8BE4-269EBE35964E}
		{C930F1F8-D76A-4238-8350-B26033814B1B} = {9492435D-96FB-4804-955A-09DB8BBC7B10}
		{84A71E3B-ACF8-46C8-983D-8BB5BF9B3B7F} = {4F7D00EB-D2A3-4A87-9A99-81DD028762C2}
		{C9AE0E33-90A1-4069-8BF7-6C067EEC5C0C} = {9492435D-96FB-4804-955A-09DB8BBC7B10}
		{5009B8E4-A84B-4933-80FA-E70972871A0C} = {9492435D-96FB-4804-955A-09DB8BBC7B10}
		{9BE038A0-B859-48A5-9672-B49D71BCF75B} = {4F7D00EB-D2A3-4A87-9A99-81DD028762C2}
	EndGlobalSection
	GlobalSection(ExtensibilityGlobals) = postSolution
		SolutionGuid = {C0C78CA3-E420-4365-9E14-A35EFD235954}
	EndGlobalSection
EndGlobal
